
Microsoft Visual Studio Solution File, Format Version 12.00
# Visual Studio Version 17
VisualStudioVersion = 17.0.31903.59
MinimumVisualStudioVersion = 10.0.40219.1
Project("{2150E333-8FDC-42A3-9474-1A3956D46DE8}") = "src", "src", "{3650CE55-F665-4EB9-A56A-5CA71F6BBA05}"
EndProject
Project("{2150E333-8FDC-42A3-9474-1A3956D46DE8}") = "Backend", "Backend", "{0F34FFF1-4552-4FF1-AF99-A00772376544}"
EndProject
Project("{FAE04EC0-301F-11D3-BF4B-00C04F79EFBC}") = "SistemaCliente.Domain", "src\Backend\SistemaCliente.Domain\SistemaCliente.Domain.csproj", "{2D619A46-65DB-4E35-9738-79E196BEEFBB}"
EndProject
Project("{FAE04EC0-301F-11D3-BF4B-00C04F79EFBC}") = "SistemaCliente.Infrastructure", "src\Backend\SistemaCliente.Infrastructure\SistemaCliente.Infrastructure.csproj", "{91373D62-1551-4018-B277-10A3CB69AB40}"
EndProject
Project("{FAE04EC0-301F-11D3-BF4B-00C04F79EFBC}") = "SistemaCliente.Api", "src\Backend\SistemaCliente.Api\SistemaCliente.Api.csproj", "{827DC8C7-E91C-408C-BE03-20C400DE7C9B}"
EndProject
Project("{FAE04EC0-301F-11D3-BF4B-00C04F79EFBC}") = "SistemaCliente.Communication", "src\Backend\SistemaCliente.Communication\SistemaCliente.Communication.csproj", "{C9EC8430-647E-4307-A907-8D3A773F900D}"
EndProject
Project("{FAE04EC0-301F-11D3-BF4B-00C04F79EFBC}") = "SistemaCliente.Exceptions", "src\Backend\SistemaCliente.Exceptions\SistemaCliente.Exceptions.csproj", "{F24095BF-BFB1-42CE-A7A1-DC42E54211E0}"
EndProject
Project("{FAE04EC0-301F-11D3-BF4B-00C04F79EFBC}") = "SistemaCliente.Application", "src\Backend\SistemaCliente.Application\SistemaCliente.Application.csproj", "{0CCE7765-3E46-4423-9455-74D2E8D67379}"
EndProject
Project("{2150E333-8FDC-42A3-9474-1A3956D46DE8}") = "tests", "tests", "{4381CC5A-6B4A-412B-B704-42F962DF644F}"
EndProject
Project("{FAE04EC0-301F-11D3-BF4B-00C04F79EFBC}") = "Validators.Test", "tests\Validators.Test\Validators.Test.csproj", "{7FD973AB-8315-4392-A28D-0887D0C3A318}"
EndProject
Project("{FAE04EC0-301F-11D3-BF4B-00C04F79EFBC}") = "UseCases.Test", "tests\UseCases.Test\UseCases.Test.csproj", "{C95D58DD-1F2F-49D6-87AF-9A02B134F1AF}"
EndProject
Project("{FAE04EC0-301F-11D3-BF4B-00C04F79EFBC}") = "CommonTestUtilities", "tests\CommonTestUtilities\CommonTestUtilities.csproj", "{38E5CCCC-A2CD-4F00-BD20-A6C9578C461E}"
EndProject
Project("{FAE04EC0-301F-11D3-BF4B-00C04F79EFBC}") = "WebApi.Test", "tests\WebApi.Test\WebApi.Test.csproj", "{8D0BA28E-1D1E-48FB-9499-B5005BCA54E3}"
EndProject
Global
	GlobalSection(SolutionConfigurationPlatforms) = preSolution
		Debug|Any CPU = Debug|Any CPU
		Release|Any CPU = Release|Any CPU
	EndGlobalSection
	GlobalSection(SolutionProperties) = preSolution
		HideSolutionNode = FALSE
	EndGlobalSection
	GlobalSection(ProjectConfigurationPlatforms) = postSolution
		{2D619A46-65DB-4E35-9738-79E196BEEFBB}.Debug|Any CPU.ActiveCfg = Debug|Any CPU
		{2D619A46-65DB-4E35-9738-79E196BEEFBB}.Debug|Any CPU.Build.0 = Debug|Any CPU
		{2D619A46-65DB-4E35-9738-79E196BEEFBB}.Release|Any CPU.ActiveCfg = Release|Any CPU
		{2D619A46-65DB-4E35-9738-79E196BEEFBB}.Release|Any CPU.Build.0 = Release|Any CPU
		{91373D62-1551-4018-B277-10A3CB69AB40}.Debug|Any CPU.ActiveCfg = Debug|Any CPU
		{91373D62-1551-4018-B277-10A3CB69AB40}.Debug|Any CPU.Build.0 = Debug|Any CPU
		{91373D62-1551-4018-B277-10A3CB69AB40}.Release|Any CPU.ActiveCfg = Release|Any CPU
		{91373D62-1551-4018-B277-10A3CB69AB40}.Release|Any CPU.Build.0 = Release|Any CPU
		{827DC8C7-E91C-408C-BE03-20C400DE7C9B}.Debug|Any CPU.ActiveCfg = Debug|Any CPU
		{827DC8C7-E91C-408C-BE03-20C400DE7C9B}.Debug|Any CPU.Build.0 = Debug|Any CPU
		{827DC8C7-E91C-408C-BE03-20C400DE7C9B}.Release|Any CPU.ActiveCfg = Release|Any CPU
		{827DC8C7-E91C-408C-BE03-20C400DE7C9B}.Release|Any CPU.Build.0 = Release|Any CPU
		{C9EC8430-647E-4307-A907-8D3A773F900D}.Debug|Any CPU.ActiveCfg = Debug|Any CPU
		{C9EC8430-647E-4307-A907-8D3A773F900D}.Debug|Any CPU.Build.0 = Debug|Any CPU
		{C9EC8430-647E-4307-A907-8D3A773F900D}.Release|Any CPU.ActiveCfg = Release|Any CPU
		{C9EC8430-647E-4307-A907-8D3A773F900D}.Release|Any CPU.Build.0 = Release|Any CPU
		{F24095BF-BFB1-42CE-A7A1-DC42E54211E0}.Debug|Any CPU.ActiveCfg = Debug|Any CPU
		{F24095BF-BFB1-42CE-A7A1-DC42E54211E0}.Debug|Any CPU.Build.0 = Debug|Any CPU
		{F24095BF-BFB1-42CE-A7A1-DC42E54211E0}.Release|Any CPU.ActiveCfg = Release|Any CPU
		{F24095BF-BFB1-42CE-A7A1-DC42E54211E0}.Release|Any CPU.Build.0 = Release|Any CPU
		{0CCE7765-3E46-4423-9455-74D2E8D67379}.Debug|Any CPU.ActiveCfg = Debug|Any CPU
		{0CCE7765-3E46-4423-9455-74D2E8D67379}.Debug|Any CPU.Build.0 = Debug|Any CPU
		{0CCE7765-3E46-4423-9455-74D2E8D67379}.Release|Any CPU.ActiveCfg = Release|Any CPU
		{0CCE7765-3E46-4423-9455-74D2E8D67379}.Release|Any CPU.Build.0 = Release|Any CPU
		{7FD973AB-8315-4392-A28D-0887D0C3A318}.Debug|Any CPU.ActiveCfg = Debug|Any CPU
		{7FD973AB-8315-4392-A28D-0887D0C3A318}.Debug|Any CPU.Build.0 = Debug|Any CPU
		{7FD973AB-8315-4392-A28D-0887D0C3A318}.Release|Any CPU.ActiveCfg = Release|Any CPU
		{7FD973AB-8315-4392-A28D-0887D0C3A318}.Release|Any CPU.Build.0 = Release|Any CPU
		{C95D58DD-1F2F-49D6-87AF-9A02B134F1AF}.Debug|Any CPU.ActiveCfg = Debug|Any CPU
		{C95D58DD-1F2F-49D6-87AF-9A02B134F1AF}.Debug|Any CPU.Build.0 = Debug|Any CPU
		{C95D58DD-1F2F-49D6-87AF-9A02B134F1AF}.Release|Any CPU.ActiveCfg = Release|Any CPU
		{C95D58DD-1F2F-49D6-87AF-9A02B134F1AF}.Release|Any CPU.Build.0 = Release|Any CPU
		{38E5CCCC-A2CD-4F00-BD20-A6C9578C461E}.Debug|Any CPU.ActiveCfg = Debug|Any CPU
		{38E5CCCC-A2CD-4F00-BD20-A6C9578C461E}.Debug|Any CPU.Build.0 = Debug|Any CPU
		{38E5CCCC-A2CD-4F00-BD20-A6C9578C461E}.Release|Any CPU.ActiveCfg = Release|Any CPU
		{38E5CCCC-A2CD-4F00-BD20-A6C9578C461E}.Release|Any CPU.Build.0 = Release|Any CPU
		{8D0BA28E-1D1E-48FB-9499-B5005BCA54E3}.Debug|Any CPU.ActiveCfg = Debug|Any CPU
		{8D0BA28E-1D1E-48FB-9499-B5005BCA54E3}.Debug|Any CPU.Build.0 = Debug|Any CPU
		{8D0BA28E-1D1E-48FB-9499-B5005BCA54E3}.Release|Any CPU.ActiveCfg = Release|Any CPU
		{8D0BA28E-1D1E-48FB-9499-B5005BCA54E3}.Release|Any CPU.Build.0 = Release|Any CPU
	EndGlobalSection
	GlobalSection(NestedProjects) = preSolution
		{0F34FFF1-4552-4FF1-AF99-A00772376544} = {3650CE55-F665-4EB9-A56A-5CA71F6BBA05}
		{2D619A46-65DB-4E35-9738-79E196BEEFBB} = {0F34FFF1-4552-4FF1-AF99-A00772376544}
		{91373D62-1551-4018-B277-10A3CB69AB40} = {0F34FFF1-4552-4FF1-AF99-A00772376544}
		{827DC8C7-E91C-408C-BE03-20C400DE7C9B} = {0F34FFF1-4552-4FF1-AF99-A00772376544}
		{C9EC8430-647E-4307-A907-8D3A773F900D} = {0F34FFF1-4552-4FF1-AF99-A00772376544}
		{F24095BF-BFB1-42CE-A7A1-DC42E54211E0} = {0F34FFF1-4552-4FF1-AF99-A00772376544}
		{0CCE7765-3E46-4423-9455-74D2E8D67379} = {0F34FFF1-4552-4FF1-AF99-A00772376544}
		{7FD973AB-8315-4392-A28D-0887D0C3A318} = {4381CC5A-6B4A-412B-B704-42F962DF644F}
		{C95D58DD-1F2F-49D6-87AF-9A02B134F1AF} = {4381CC5A-6B4A-412B-B704-42F962DF644F}
		{38E5CCCC-A2CD-4F00-BD20-A6C9578C461E} = {4381CC5A-6B4A-412B-B704-42F962DF644F}
		{8D0BA28E-1D1E-48FB-9499-B5005BCA54E3} = {4381CC5A-6B4A-412B-B704-42F962DF644F}
	EndGlobalSection
EndGlobal
